{
  "version": 2,
  "dependencies": {
    "net10.0": {
      "GitVersion.MsBuild": {
        "type": "Direct",
        "requested": "[6.3.0, )",
        "resolved": "6.3.0",
        "contentHash": "suTxk2mb96kABSJZrSGvzh9423fVbdOM18nSQOrLbp0tKrX+khi1ytfkHzoPI0I2xvmDzTsfKtHDd61Zc5MX0A=="
      },
      "Microsoft.AspNetCore.Components": {
        "type": "Direct",
        "requested": "[9.0.7, )",
        "resolved": "9.0.7",
        "contentHash": "cZpVsxWWGagoP2U6Kjqm107gVZHTmiM2m7YDNRsScTWoBB1iyEIznvYG9ZK4XkDY4yDUTdnZrXRMMVu8K7dJ8Q==",
        "dependencies": {
          "Microsoft.AspNetCore.Authorization": "9.0.7",
          "Microsoft.AspNetCore.Components.Analyzers": "9.0.7"
        }
      },
      "Microsoft.AspNetCore.Components.Web": {
        "type": "Direct",
        "requested": "[9.0.7, )",
        "resolved": "9.0.7",
        "contentHash": "fP+WmahEXWgCTgL/aRo/y75v1nni8E8WfbpkbWOeMBk2UdQORqQbFPIkttu8JPYVACDfVYgEDKIDtVqEY9Akkg==",
        "dependencies": {
          "Microsoft.AspNetCore.Components": "9.0.7",
          "Microsoft.AspNetCore.Components.Forms": "9.0.7",
          "Microsoft.Extensions.DependencyInjection": "9.0.7",
          "Microsoft.Extensions.Primitives": "9.0.7",
          "Microsoft.JSInterop": "9.0.7"
        }
      },
      "Microsoft.NET.ILLink.Tasks": {
        "type": "Direct",
        "requested": "[10.0.5, )",
        "resolved": "10.0.5",
        "contentHash": "A+5ZuQ0f449tM+MQrhf6R9ZX7lYpjk/ODEwLYKrnF6111rtARx8fVsm4YznUnQiKnnXfaXNBqgxmil6RW3L3SA=="
      },
      "Microsoft.AspNetCore.Authorization": {
        "type": "Transitive",
        "resolved": "9.0.7",
        "contentHash": "P0Gej6X5cEoK+sS9XpgYSzg0Nz8OOlvfQb12aOAJW/P4b9nAzLQCVoNp1GDyR/P8eMSnoPARiKPaa6q51iR0oA==",
        "dependencies": {
          "Microsoft.AspNetCore.Metadata": "9.0.7",
          "Microsoft.Extensions.Logging.Abstractions": "9.0.7",
          "Microsoft.Extensions.Options": "9.0.7"
        }
      },
      "Microsoft.AspNetCore.Components.Analyzers": {
        "type": "Transitive",
        "resolved": "9.0.7",
        "contentHash": "SlMcfUJHFxjIFAecPY55in8u93AZo5NQrRlPY3hKrSsLEgyjjtZGzWIn+F9RluHw5wRct/QFRCt2sQwEhn8qtA=="
      },
      "Microsoft.AspNetCore.Components.Forms": {
        "type": "Transitive",
        "resolved": "9.0.7",
        "contentHash": "ecnFWXV/ClmBfkevmalj1e1+T00AkihOyK8yQdKOwKmibraYphyup4BdOLP7v17PNVF4d5njsoHmFtVBvYpsJg==",
        "dependencies": {
          "Microsoft.AspNetCore.Components": "9.0.7"
        }
      },
      "Microsoft.AspNetCore.Metadata": {
        "type": "Transitive",
        "resolved": "9.0.7",
        "contentHash": "bM2x5yps2P6eXqFkR5ztKX7QRGGqJ4Vy5PxVdR7ADjYPNmMhrD57r8d9H++hpljk9sdjKI3Sppd7NZyA721nEA=="
      },
      "Microsoft.Extensions.DependencyInjection": {
        "type": "Transitive",
        "resolved": "9.0.7",
        "contentHash": "i05AYA91vgq0as84ROVCyltD2gnxaba/f1Qw2rG7mUsS0gv8cPTr1Gm7jPQHq7JTr4MJoQUcanLVs16tIOUJaQ==",
        "dependencies": {
          "Microsoft.Extensions.DependencyInjection.Abstractions": "9.0.7"
        }
      },
      "Microsoft.Extensions.DependencyInjection.Abstractions": {
        "type": "Transitive",
        "resolved": "9.0.7",
        "contentHash": "iPK1FxbGFr2Xb+4Y+dTYI8Gupu9pOi8I3JPuPsrogUmEhe2hzZ9LpCmolMEBhVDo2ikcSr7G5zYiwaapHSQTew=="
      },
      "Microsoft.Extensions.Logging.Abstractions": {
        "type": "Transitive",
        "resolved": "9.0.7",
        "contentHash": "sMM6NEAdUTE/elJ2wqjOi0iBWqZmSyaTByLF9e8XHv6DRJFFnOe0N+s8Uc6C91E4SboQCfLswaBIZ+9ZXA98AA==",
        "dependencies": {
          "Microsoft.Extensions.DependencyInjection.Abstractions": "9.0.7"
        }
      },
      "Microsoft.Extensions.Options": {
        "type": "Transitive",
        "resolved": "9.0.7",
        "contentHash": "trJnF6cRWgR5uMmHpGoHmM1wOVFdIYlELlkO9zX+RfieK0321Y55zrcs4AaEymKup7dxgEN/uJU25CAcMNQRXw==",
        "dependencies": {
          "Microsoft.Extensions.DependencyInjection.Abstractions": "9.0.7",
          "Microsoft.Extensions.Primitives": "9.0.7"
        }
      },
      "Microsoft.Extensions.Primitives": {
        "type": "Transitive",
        "resolved": "9.0.7",
        "contentHash": "ti/zD9BuuO50IqlvhWQs9GHxkCmoph5BHjGiWKdg2t6Or8XoyAfRJiKag+uvd/fpASnNklfsB01WpZ4fhAe0VQ=="
      },
      "Microsoft.JSInterop": {
        "type": "Transitive",
        "resolved": "9.0.7",
        "contentHash": "+FFcgE9nFf/M/8sSJPzKnGFkALO5Q3mCdljpsxe/ZFRt6bqMcImv8d74HgMamOauhmVlC7MU9GmnbblF9CpNlQ=="
      }
    }
  }
}